
Microsoft Visual Studio Solution File, Format Version 12.00
# Visual Studio 15
VisualStudioVersion = 15.0.27004.2009
MinimumVisualStudioVersion = 10.0.40219.1
Project("{9A19103F-16F7-4668-BE54-9A1E7A4F7556}") = "SimpleUptime.Domain", "SimpleUptime.Domain\SimpleUptime.Domain.csproj", "{B232AF76-163C-4116-9A9B-029B703311EF}"
EndProject
Project("{9A19103F-16F7-4668-BE54-9A1E7A4F7556}") = "SimpleUptime.Infrastructure", "SimpleUptime.Infrastructure\SimpleUptime.Infrastructure.csproj", "{3F79A0C3-681D-46EC-AD00-0C2ADCC8252A}"
EndProject
Project("{2150E333-8FDC-42A3-9474-1A3956D46DE8}") = "Solution Items", "Solution Items", "{62CBC0F2-677C-4247-A445-834DBFEAD998}"
	ProjectSection(SolutionItems) = preProject
		..\README.md = ..\README.md
	EndProjectSection
EndProject
Project("{9A19103F-16F7-4668-BE54-9A1E7A4F7556}") = "SimpleUptime.UnitTests", "SimpleUptime.UnitTests\SimpleUptime.UnitTests.csproj", "{715042CC-220E-437A-BB46-AB018849BCA2}"
EndProject
Project("{2150E333-8FDC-42A3-9474-1A3956D46DE8}") = "Tests", "Tests", "{F453CCEA-8797-49BD-9BDE-0B6443490825}"
EndProject
Project("{9A19103F-16F7-4668-BE54-9A1E7A4F7556}") = "SimpleUptime.IntegrationTests", "SimpleUptime.IntegrationTests\SimpleUptime.IntegrationTests.csproj", "{B23B6747-6476-4EB4-AF71-FB55D28BA2AA}"
EndProject
Project("{9A19103F-16F7-4668-BE54-9A1E7A4F7556}") = "SimpleUptime.WebApi", "SimpleUptime.WebApi\SimpleUptime.WebApi.csproj", "{8B1F6358-D4B2-4CB0-A412-563EDF683979}"
EndProject
Project("{9A19103F-16F7-4668-BE54-9A1E7A4F7556}") = "SimpleUptime.Application", "SimpleUptime.Application\SimpleUptime.Application.csproj", "{C2DC8963-3FAC-4FA2-97AD-28678562A32D}"
EndProject
Project("{9A19103F-16F7-4668-BE54-9A1E7A4F7556}") = "SimpleUptime.WorkerApp", "SimpleUptime.WorkerApp\SimpleUptime.WorkerApp.csproj", "{A18B18A1-5D0B-4CCC-9562-6CF2784B2673}"
EndProject
Project("{FAE04EC0-301F-11D3-BF4B-00C04F79EFBC}") = "SimpleUptime.MasterApp", "SimpleUptime.MasterApp\SimpleUptime.MasterApp.csproj", "{D870FB55-6828-4248-8063-A94D438BA6F9}"
EndProject
Global
	GlobalSection(SolutionConfigurationPlatforms) = preSolution
		Debug|Any CPU = Debug|Any CPU
		Release|Any CPU = Release|Any CPU
	EndGlobalSection
	GlobalSection(ProjectConfigurationPlatforms) = postSolution
		{B232AF76-163C-4116-9A9B-029B703311EF}.Debug|Any CPU.ActiveCfg = Debug|Any CPU
		{B232AF76-163C-4116-9A9B-029B703311EF}.Debug|Any CPU.Build.0 = Debug|Any CPU
		{B232AF76-163C-4116-9A9B-029B703311EF}.Release|Any CPU.ActiveCfg = Release|Any CPU
		{B232AF76-163C-4116-9A9B-029B703311EF}.Release|Any CPU.Build.0 = Release|Any CPU
		{3F79A0C3-681D-46EC-AD00-0C2ADCC8252A}.Debug|Any CPU.ActiveCfg = Debug|Any CPU
		{3F79A0C3-681D-46EC-AD00-0C2ADCC8252A}.Debug|Any CPU.Build.0 = Debug|Any CPU
		{3F79A0C3-681D-46EC-AD00-0C2ADCC8252A}.Release|Any CPU.ActiveCfg = Release|Any CPU
		{3F79A0C3-681D-46EC-AD00-0C2ADCC8252A}.Release|Any CPU.Build.0 = Release|Any CPU
		{715042CC-220E-437A-BB46-AB018849BCA2}.Debug|Any CPU.ActiveCfg = Debug|Any CPU
		{715042CC-220E-437A-BB46-AB018849BCA2}.Debug|Any CPU.Build.0 = Debug|Any CPU
		{715042CC-220E-437A-BB46-AB018849BCA2}.Release|Any CPU.ActiveCfg = Release|Any CPU
		{715042CC-220E-437A-BB46-AB018849BCA2}.Release|Any CPU.Build.0 = Release|Any CPU
		{B23B6747-6476-4EB4-AF71-FB55D28BA2AA}.Debug|Any CPU.ActiveCfg = Debug|Any CPU
		{B23B6747-6476-4EB4-AF71-FB55D28BA2AA}.Debug|Any CPU.Build.0 = Debug|Any CPU
		{B23B6747-6476-4EB4-AF71-FB55D28BA2AA}.Release|Any CPU.ActiveCfg = Release|Any CPU
		{B23B6747-6476-4EB4-AF71-FB55D28BA2AA}.Release|Any CPU.Build.0 = Release|Any CPU
		{8B1F6358-D4B2-4CB0-A412-563EDF683979}.Debug|Any CPU.ActiveCfg = Debug|Any CPU
		{8B1F6358-D4B2-4CB0-A412-563EDF683979}.Debug|Any CPU.Build.0 = Debug|Any CPU
		{8B1F6358-D4B2-4CB0-A412-563EDF683979}.Release|Any CPU.ActiveCfg = Release|Any CPU
		{8B1F6358-D4B2-4CB0-A412-563EDF683979}.Release|Any CPU.Build.0 = Release|Any CPU
		{C2DC8963-3FAC-4FA2-97AD-28678562A32D}.Debug|Any CPU.ActiveCfg = Debug|Any CPU
		{C2DC8963-3FAC-4FA2-97AD-28678562A32D}.Debug|Any CPU.Build.0 = Debug|Any CPU
		{C2DC8963-3FAC-4FA2-97AD-28678562A32D}.Release|Any CPU.ActiveCfg = Release|Any CPU
		{C2DC8963-3FAC-4FA2-97AD-28678562A32D}.Release|Any CPU.Build.0 = Release|Any CPU
		{A18B18A1-5D0B-4CCC-9562-6CF2784B2673}.Debug|Any CPU.ActiveCfg = Debug|Any CPU
		{A18B18A1-5D0B-4CCC-9562-6CF2784B2673}.Debug|Any CPU.Build.0 = Debug|Any CPU
		{A18B18A1-5D0B-4CCC-9562-6CF2784B2673}.Release|Any CPU.ActiveCfg = Release|Any CPU
		{A18B18A1-5D0B-4CCC-9562-6CF2784B2673}.Release|Any CPU.Build.0 = Release|Any CPU
		{D870FB55-6828-4248-8063-A94D438BA6F9}.Debug|Any CPU.ActiveCfg = Debug|Any CPU
		{D870FB55-6828-4248-8063-A94D438BA6F9}.Debug|Any CPU.Build.0 = Debug|Any CPU
		{D870FB55-6828-4248-8063-A94D438BA6F9}.Release|Any CPU.ActiveCfg = Release|Any CPU
		{D870FB55-6828-4248-8063-A94D438BA6F9}.Release|Any CPU.Build.0 = Release|Any CPU
	EndGlobalSection
	GlobalSection(SolutionProperties) = preSolution
		HideSolutionNode = FALSE
	EndGlobalSection
	GlobalSection(NestedProjects) = preSolution
		{715042CC-220E-437A-BB46-AB018849BCA2} = {F453CCEA-8797-49BD-9BDE-0B6443490825}
		{B23B6747-6476-4EB4-AF71-FB55D28BA2AA} = {F453CCEA-8797-49BD-9BDE-0B6443490825}
	EndGlobalSection
	GlobalSection(ExtensibilityGlobals) = postSolution
		SolutionGuid = {D6427BC1-1AFD-4B80-A13E-77DE4CD54384}
	EndGlobalSection
EndGlobal
