
Microsoft Visual Studio Solution File, Format Version 12.00
# Visual Studio 15
VisualStudioVersion = 15.0.27004.2009
MinimumVisualStudioVersion = 10.0.40219.1
Project("{9A19103F-16F7-4668-BE54-9A1E7A4F7556}") = "SimpleUptime.Domain", "SimpleUptime.Domain\SimpleUptime.Domain.csproj", "{B232AF76-163C-4116-9A9B-029B703311EF}"
EndProject
Project("{9A19103F-16F7-4668-BE54-9A1E7A4F7556}") = "SimpleUptime.Infrastructure", "SimpleUptime.Infrastructure\SimpleUptime.Infrastructure.csproj", "{3F79A0C3-681D-46EC-AD00-0C2ADCC8252A}"
EndProject
Project("{2150E333-8FDC-42A3-9474-1A3956D46DE8}") = "Solution Items", "Solution Items", "{62CBC0F2-677C-4247-A445-834DBFEAD998}"
	ProjectSection(SolutionItems) = preProject
		..\README.md = ..\README.md
	EndProjectSection
EndProject
Global
	GlobalSection(SolutionConfigurationPlatforms) = preSolution
		Debug|Any CPU = Debug|Any CPU
		Release|Any CPU = Release|Any CPU
	EndGlobalSection
	GlobalSection(ProjectConfigurationPlatforms) = postSolution
		{B232AF76-163C-4116-9A9B-029B703311EF}.Debug|Any CPU.ActiveCfg = Debug|Any CPU
		{B232AF76-163C-4116-9A9B-029B703311EF}.Debug|Any CPU.Build.0 = Debug|Any CPU
		{B232AF76-163C-4116-9A9B-029B703311EF}.Release|Any CPU.ActiveCfg = Release|Any CPU
		{B232AF76-163C-4116-9A9B-029B703311EF}.Release|Any CPU.Build.0 = Release|Any CPU
		{3F79A0C3-681D-46EC-AD00-0C2ADCC8252A}.Debug|Any CPU.ActiveCfg = Debug|Any CPU
		{3F79A0C3-681D-46EC-AD00-0C2ADCC8252A}.Debug|Any CPU.Build.0 = Debug|Any CPU
		{3F79A0C3-681D-46EC-AD00-0C2ADCC8252A}.Release|Any CPU.ActiveCfg = Release|Any CPU
		{3F79A0C3-681D-46EC-AD00-0C2ADCC8252A}.Release|Any CPU.Build.0 = Release|Any CPU
	EndGlobalSection
	GlobalSection(SolutionProperties) = preSolution
		HideSolutionNode = FALSE
	EndGlobalSection
	GlobalSection(ExtensibilityGlobals) = postSolution
		SolutionGuid = {D6427BC1-1AFD-4B80-A13E-77DE4CD54384}
	EndGlobalSection
EndGlobal
