
Microsoft Visual Studio Solution File, Format Version 12.00
# Visual Studio 15
VisualStudioVersion = 15.0.27130.2010
MinimumVisualStudioVersion = 10.0.40219.1
Project("{9A19103F-16F7-4668-BE54-9A1E7A4F7556}") = "SimpleUptime.Domain", "SimpleUptime.Domain\SimpleUptime.Domain.csproj", "{B232AF76-163C-4116-9A9B-029B703311EF}"
EndProject
Project("{9A19103F-16F7-4668-BE54-9A1E7A4F7556}") = "SimpleUptime.Infrastructure", "SimpleUptime.Infrastructure\SimpleUptime.Infrastructure.csproj", "{3F79A0C3-681D-46EC-AD00-0C2ADCC8252A}"
EndProject
Project("{2150E333-8FDC-42A3-9474-1A3956D46DE8}") = "Solution Items", "Solution Items", "{62CBC0F2-677C-4247-A445-834DBFEAD998}"
	ProjectSection(SolutionItems) = preProject
		..\README.md = ..\README.md
	EndProjectSection
EndProject
Project("{9A19103F-16F7-4668-BE54-9A1E7A4F7556}") = "SimpleUptime.UnitTests", "SimpleUptime.UnitTests\SimpleUptime.UnitTests.csproj", "{715042CC-220E-437A-BB46-AB018849BCA2}"
EndProject
Project("{2150E333-8FDC-42A3-9474-1A3956D46DE8}") = "Tests", "Tests", "{F453CCEA-8797-49BD-9BDE-0B6443490825}"
EndProject
Project("{9A19103F-16F7-4668-BE54-9A1E7A4F7556}") = "SimpleUptime.IntegrationTests", "SimpleUptime.IntegrationTests\SimpleUptime.IntegrationTests.csproj", "{B23B6747-6476-4EB4-AF71-FB55D28BA2AA}"
EndProject
Project("{9A19103F-16F7-4668-BE54-9A1E7A4F7556}") = "SimpleUptime.Application", "SimpleUptime.Application\SimpleUptime.Application.csproj", "{C2DC8963-3FAC-4FA2-97AD-28678562A32D}"
EndProject
Project("{9A19103F-16F7-4668-BE54-9A1E7A4F7556}") = "SimpleUptime.FuncApp", "SimpleUptime.FuncApp\SimpleUptime.FuncApp.csproj", "{D870FB55-6828-4248-8063-A94D438BA6F9}"
EndProject
Project("{151D2E53-A2C4-4D7D-83FE-D05416EBD58E}") = "SimpleUptime.ResourceGroup", "SimpleUptime.ResourceGroup\SimpleUptime.ResourceGroup.deployproj", "{7B25ACCB-F1D7-45D7-9DBE-AB2EADB60510}"
EndProject
Project("{9A19103F-16F7-4668-BE54-9A1E7A4F7556}") = "SimpleUptime.SpaHost", "SimpleUptime.SpaHost\SimpleUptime.SpaHost.csproj", "{002F97D1-47CC-4D6E-B26B-185F632B6D20}"
EndProject
Global
	GlobalSection(SolutionConfigurationPlatforms) = preSolution
		Debug|Any CPU = Debug|Any CPU
		Release|Any CPU = Release|Any CPU
	EndGlobalSection
	GlobalSection(ProjectConfigurationPlatforms) = postSolution
		{B232AF76-163C-4116-9A9B-029B703311EF}.Debug|Any CPU.ActiveCfg = Debug|Any CPU
		{B232AF76-163C-4116-9A9B-029B703311EF}.Debug|Any CPU.Build.0 = Debug|Any CPU
		{B232AF76-163C-4116-9A9B-029B703311EF}.Release|Any CPU.ActiveCfg = Release|Any CPU
		{B232AF76-163C-4116-9A9B-029B703311EF}.Release|Any CPU.Build.0 = Release|Any CPU
		{3F79A0C3-681D-46EC-AD00-0C2ADCC8252A}.Debug|Any CPU.ActiveCfg = Debug|Any CPU
		{3F79A0C3-681D-46EC-AD00-0C2ADCC8252A}.Debug|Any CPU.Build.0 = Debug|Any CPU
		{3F79A0C3-681D-46EC-AD00-0C2ADCC8252A}.Release|Any CPU.ActiveCfg = Release|Any CPU
		{3F79A0C3-681D-46EC-AD00-0C2ADCC8252A}.Release|Any CPU.Build.0 = Release|Any CPU
		{715042CC-220E-437A-BB46-AB018849BCA2}.Debug|Any CPU.ActiveCfg = Debug|Any CPU
		{715042CC-220E-437A-BB46-AB018849BCA2}.Debug|Any CPU.Build.0 = Debug|Any CPU
		{715042CC-220E-437A-BB46-AB018849BCA2}.Release|Any CPU.ActiveCfg = Release|Any CPU
		{715042CC-220E-437A-BB46-AB018849BCA2}.Release|Any CPU.Build.0 = Release|Any CPU
		{B23B6747-6476-4EB4-AF71-FB55D28BA2AA}.Debug|Any CPU.ActiveCfg = Debug|Any CPU
		{B23B6747-6476-4EB4-AF71-FB55D28BA2AA}.Debug|Any CPU.Build.0 = Debug|Any CPU
		{B23B6747-6476-4EB4-AF71-FB55D28BA2AA}.Release|Any CPU.ActiveCfg = Release|Any CPU
		{B23B6747-6476-4EB4-AF71-FB55D28BA2AA}.Release|Any CPU.Build.0 = Release|Any CPU
		{C2DC8963-3FAC-4FA2-97AD-28678562A32D}.Debug|Any CPU.ActiveCfg = Debug|Any CPU
		{C2DC8963-3FAC-4FA2-97AD-28678562A32D}.Debug|Any CPU.Build.0 = Debug|Any CPU
		{C2DC8963-3FAC-4FA2-97AD-28678562A32D}.Release|Any CPU.ActiveCfg = Release|Any CPU
		{C2DC8963-3FAC-4FA2-97AD-28678562A32D}.Release|Any CPU.Build.0 = Release|Any CPU
		{D870FB55-6828-4248-8063-A94D438BA6F9}.Debug|Any CPU.ActiveCfg = Debug|Any CPU
		{D870FB55-6828-4248-8063-A94D438BA6F9}.Debug|Any CPU.Build.0 = Debug|Any CPU
		{D870FB55-6828-4248-8063-A94D438BA6F9}.Release|Any CPU.ActiveCfg = Release|Any CPU
		{D870FB55-6828-4248-8063-A94D438BA6F9}.Release|Any CPU.Build.0 = Release|Any CPU
		{7B25ACCB-F1D7-45D7-9DBE-AB2EADB60510}.Debug|Any CPU.ActiveCfg = Debug|Any CPU
		{7B25ACCB-F1D7-45D7-9DBE-AB2EADB60510}.Debug|Any CPU.Build.0 = Debug|Any CPU
		{7B25ACCB-F1D7-45D7-9DBE-AB2EADB60510}.Release|Any CPU.ActiveCfg = Release|Any CPU
		{7B25ACCB-F1D7-45D7-9DBE-AB2EADB60510}.Release|Any CPU.Build.0 = Release|Any CPU
		{002F97D1-47CC-4D6E-B26B-185F632B6D20}.Debug|Any CPU.ActiveCfg = Debug|Any CPU
		{002F97D1-47CC-4D6E-B26B-185F632B6D20}.Debug|Any CPU.Build.0 = Debug|Any CPU
		{002F97D1-47CC-4D6E-B26B-185F632B6D20}.Release|Any CPU.ActiveCfg = Release|Any CPU
		{002F97D1-47CC-4D6E-B26B-185F632B6D20}.Release|Any CPU.Build.0 = Release|Any CPU
	EndGlobalSection
	GlobalSection(SolutionProperties) = preSolution
		HideSolutionNode = FALSE
	EndGlobalSection
	GlobalSection(NestedProjects) = preSolution
		{715042CC-220E-437A-BB46-AB018849BCA2} = {F453CCEA-8797-49BD-9BDE-0B6443490825}
		{B23B6747-6476-4EB4-AF71-FB55D28BA2AA} = {F453CCEA-8797-49BD-9BDE-0B6443490825}
	EndGlobalSection
	GlobalSection(ExtensibilityGlobals) = postSolution
		SolutionGuid = {D6427BC1-1AFD-4B80-A13E-77DE4CD54384}
	EndGlobalSection
EndGlobal
